Microsoft Visual Studio Solution File, Format Version 12.00
# Visual Studio 2012
Project("{FAE04EC0-301F-11D3-BF4B-00C04F79EFBC}") = "Just Another Dialogue Editor", "Just Another Dialogue Editor.csproj", "{F162A5F9-7BDB-445F-87F9-AEFF7915691C}"
EndProject
Global
	GlobalSection(SolutionConfigurationPlatforms) = preSolution
	Debug|Any CPU = Debug|Any CPU
	ExportDebug|Any CPU = ExportDebug|Any CPU
	ExportRelease|Any CPU = ExportRelease|Any CPU
	EndGlobalSection
	GlobalSection(ProjectConfigurationPlatforms) = postSolution
		{F162A5F9-7BDB-445F-87F9-AEFF7915691C}.Debug|Any CPU.ActiveCfg = Debug|Any CPU
		{F162A5F9-7BDB-445F-87F9-AEFF7915691C}.Debug|Any CPU.Build.0 = Debug|Any CPU
		{F162A5F9-7BDB-445F-87F9-AEFF7915691C}.ExportDebug|Any CPU.ActiveCfg = ExportDebug|Any CPU
		{F162A5F9-7BDB-445F-87F9-AEFF7915691C}.ExportDebug|Any CPU.Build.0 = ExportDebug|Any CPU
		{F162A5F9-7BDB-445F-87F9-AEFF7915691C}.ExportRelease|Any CPU.ActiveCfg = ExportRelease|Any CPU
		{F162A5F9-7BDB-445F-87F9-AEFF7915691C}.ExportRelease|Any CPU.Build.0 = ExportRelease|Any CPU
	EndGlobalSection
EndGlobal
