Microsoft Visual Studio Solution File, Format Version 12.00
# Visual Studio 2012
Project("{FAE04EC0-301F-11D3-BF4B-00C04F79EFBC}") = "Just Another Dialogue Editor", "Just Another Dialogue Editor.csproj", "{DF9588A9-44EE-4067-A744-1A38FC798891}"
EndProject
Global
	GlobalSection(SolutionConfigurationPlatforms) = preSolution
	Debug|Any CPU = Debug|Any CPU
	ExportDebug|Any CPU = ExportDebug|Any CPU
	ExportRelease|Any CPU = ExportRelease|Any CPU
	EndGlobalSection
	GlobalSection(ProjectConfigurationPlatforms) = postSolution
		{DF9588A9-44EE-4067-A744-1A38FC798891}.Debug|Any CPU.ActiveCfg = Debug|Any CPU
		{DF9588A9-44EE-4067-A744-1A38FC798891}.Debug|Any CPU.Build.0 = Debug|Any CPU
		{DF9588A9-44EE-4067-A744-1A38FC798891}.ExportDebug|Any CPU.ActiveCfg = ExportDebug|Any CPU
		{DF9588A9-44EE-4067-A744-1A38FC798891}.ExportDebug|Any CPU.Build.0 = ExportDebug|Any CPU
		{DF9588A9-44EE-4067-A744-1A38FC798891}.ExportRelease|Any CPU.ActiveCfg = ExportRelease|Any CPU
		{DF9588A9-44EE-4067-A744-1A38FC798891}.ExportRelease|Any CPU.Build.0 = ExportRelease|Any CPU
	EndGlobalSection
EndGlobal
